// !$*UTF8*$!
{
	archiveVersion = 1;
	classes = {
	};
	objectVersion = 46;
	objects = {

/* Begin PBXBuildFile section */
		2668D51D1F5805A200E73DD7 /* pokemon.csv in Resources */ = {isa = PBXBuildFile; fileRef = 2668D51C1F5805A200E73DD7 /* pokemon.csv */; };
		2668D5201F5806DE00E73DD7 /* Pokemon.swift in Sources */ = {isa = PBXBuildFile; fileRef = 2668D51F1F5806DE00E73DD7 /* Pokemon.swift */; };
		26A81D1C1F5812F600546EE1 /* PokeCell.swift in Sources */ = {isa = PBXBuildFile; fileRef = 26A81D1B1F5812F600546EE1 /* PokeCell.swift */; };
		26D205471F5801CD006E0E51 /* AppDelegate.swift in Sources */ = {isa = PBXBuildFile; fileRef = 26D205461F5801CD006E0E51 /* AppDelegate.swift */; };
		26D205491F5801CD006E0E51 /* ViewController.swift in Sources */ = {isa = PBXBuildFile; fileRef = 26D205481F5801CD006E0E51 /* ViewController.swift */; };
		26D2054C1F5801CE006E0E51 /* Main.storyboard in Resources */ = {isa = PBXBuildFile; fileRef = 26D2054A1F5801CE006E0E51 /* Main.storyboard */; };
		26D2054E1F5801CE006E0E51 /* Assets.xcassets in Resources */ = {isa = PBXBuildFile; fileRef = 26D2054D1F5801CE006E0E51 /* Assets.xcassets */; };
		26D205511F5801CE006E0E51 /* LaunchScreen.storyboard in Resources */ = {isa = PBXBuildFile; fileRef = 26D2054F1F5801CE006E0E51 /* LaunchScreen.storyboard */; };
/* End PBXBuildFile section */

/* Begin PBXFileReference section */
		2668D51C1F5805A200E73DD7 /* pokemon.csv */ = {isa = PBXFileReference; fileEncoding = 4; lastKnownFileType = text; path = pokemon.csv; sourceTree = "<group>"; };
		2668D51F1F5806DE00E73DD7 /* Pokemon.swift */ = {isa = PBXFileReference; fileEncoding = 4; lastKnownFileType = sourcecode.swift; path = Pokemon.swift; sourceTree = "<group>"; };
		26A81D1B1F5812F600546EE1 /* PokeCell.swift */ = {isa = PBXFileReference; fileEncoding = 4; lastKnownFileType = sourcecode.swift; path = PokeCell.swift; sourceTree = "<group>"; };
		26D205431F5801CD006E0E51 /* Pokedex.app */ = {isa = PBXFileReference; explicitFileType = wrapper.application; includeInIndex = 0; path = Pokedex.app; sourceTree = BUILT_PRODUCTS_DIR; };
		26D205461F5801CD006E0E51 /* AppDelegate.swift */ = {isa = PBXFileReference; lastKnownFileType = sourcecode.swift; path = AppDelegate.swift; sourceTree = "<group>"; };
		26D205481F5801CD006E0E51 /* ViewController.swift */ = {isa = PBXFileReference; lastKnownFileType = sourcecode.swift; path = ViewController.swift; sourceTree = "<group>"; };
		26D2054B1F5801CE006E0E51 /* Base */ = {isa = PBXFileReference; lastKnownFileType = file.storyboard; name = Base; path = Base.lproj/Main.storyboard; sourceTree = "<group>"; };
		26D2054D1F5801CE006E0E51 /* Assets.xcassets */ = {isa = PBXFileReference; lastKnownFileType = folder.assetcatalog; path = Assets.xcassets; sourceTree = "<group>"; };
		26D205501F5801CE006E0E51 /* Base */ = {isa = PBXFileReference; lastKnownFileType = file.storyboard; name = Base; path = Base.lproj/LaunchScreen.storyboard; sourceTree = "<group>"; };
		26D205521F5801CE006E0E51 /* Info.plist */ = {isa = PBXFileReference; lastKnownFileType = text.plist.xml; path = Info.plist; sourceTree = "<group>"; };
/* End PBXFileReference section */

/* Begin PBXFrameworksBuildPhase section */
		26D205401F5801CD006E0E51 /* Frameworks */ = {
			isa = PBXFrameworksBuildPhase;
			buildActionMask = 2147483647;
			files = (
			);
			runOnlyForDeploymentPostprocessing = 0;
		};
/* End PBXFrameworksBuildPhase section */

/* Begin PBXGroup section */
		2668D51E1F5806CC00E73DD7 /* Model */ = {
			isa = PBXGroup;
			children = (
				2668D51F1F5806DE00E73DD7 /* Pokemon.swift */,
			);
			name = Model;
			sourceTree = "<group>";
		};
		26A81D1A1F5812D800546EE1 /* View */ = {
			isa = PBXGroup;
			children = (
				26A81D1B1F5812F600546EE1 /* PokeCell.swift */,
			);
			name = View;
			sourceTree = "<group>";
		};
		26D2053A1F5801CD006E0E51 = {
			isa = PBXGroup;
			children = (
				26D205451F5801CD006E0E51 /* Pokedex */,
				26D205441F5801CD006E0E51 /* Products */,
			);
			sourceTree = "<group>";
		};
		26D205441F5801CD006E0E51 /* Products */ = {
			isa = PBXGroup;
			children = (
				26D205431F5801CD006E0E51 /* Pokedex.app */,
			);
			name = Products;
			sourceTree = "<group>";
		};
		26D205451F5801CD006E0E51 /* Pokedex */ = {
			isa = PBXGroup;
			children = (
				26A81D1A1F5812D800546EE1 /* View */,
				2668D51E1F5806CC00E73DD7 /* Model */,
				26D205461F5801CD006E0E51 /* AppDelegate.swift */,
				26D205481F5801CD006E0E51 /* ViewController.swift */,
				26D2054A1F5801CE006E0E51 /* Main.storyboard */,
				26D2054D1F5801CE006E0E51 /* Assets.xcassets */,
				2668D51C1F5805A200E73DD7 /* pokemon.csv */,
				26D2054F1F5801CE006E0E51 /* LaunchScreen.storyboard */,
				26D205521F5801CE006E0E51 /* Info.plist */,
			);
			path = Pokedex;
			sourceTree = "<group>";
		};
/* End PBXGroup section */

/* Begin PBXNativeTarget section */
		26D205421F5801CD006E0E51 /* Pokedex */ = {
			isa = PBXNativeTarget;
			buildConfigurationList = 26D205551F5801CE006E0E51 /* Build configuration list for PBXNativeTarget "Pokedex" */;
			buildPhases = (
				26D2053F1F5801CD006E0E51 /* Sources */,
				26D205401F5801CD006E0E51 /* Frameworks */,
				26D205411F5801CD006E0E51 /* Resources */,
			);
			buildRules = (
			);
			dependencies = (
			);
			name = Pokedex;
			productName = Pokedex;
			productReference = 26D205431F5801CD006E0E51 /* Pokedex.app */;
			productType = "com.apple.product-type.application";
		};
/* End PBXNativeTarget section */

/* Begin PBXProject section */
		26D2053B1F5801CD006E0E51 /* Project object */ = {
			isa = PBXProject;
			attributes = {
				LastSwiftUpdateCheck = 0830;
				LastUpgradeCheck = 0830;
				ORGANIZATIONNAME = AmrMKayid;
				TargetAttributes = {
					26D205421F5801CD006E0E51 = {
						CreatedOnToolsVersion = 8.3.3;
						DevelopmentTeam = RPB2AU8X3M;
						ProvisioningStyle = Automatic;
					};
				};
			};
			buildConfigurationList = 26D2053E1F5801CD006E0E51 /* Build configuration list for PBXProject "Pokedex" */;
			compatibilityVersion = "Xcode 3.2";
			developmentRegion = English;
			hasScannedForEncodings = 0;
			knownRegions = (
				en,
				Base,
			);
			mainGroup = 26D2053A1F5801CD006E0E51;
			productRefGroup = 26D205441F5801CD006E0E51 /* Products */;
			projectDirPath = "";
			projectRoot = "";
			targets = (
				26D205421F5801CD006E0E51 /* Pokedex */,
			);
		};
/* End PBXProject section */

/* Begin PBXResourcesBuildPhase section */
		26D205411F5801CD006E0E51 /* Resources */ = {
			isa = PBXResourcesBuildPhase;
			buildActionMask = 2147483647;
			files = (
				26D205511F5801CE006E0E51 /* LaunchScreen.storyboard in Resources */,
				26D2054E1F5801CE006E0E51 /* Assets.xcassets in Resources */,
				2668D51D1F5805A200E73DD7 /* pokemon.csv in Resources */,
				26D2054C1F5801CE006E0E51 /* Main.storyboard in Resources */,
			);
			runOnlyForDeploymentPostprocessing = 0;
		};
/* End PBXResourcesBuildPhase section */

/* Begin PBXSourcesBuildPhase section */
		26D2053F1F5801CD006E0E51 /* Sources */ = {
			isa = PBXSourcesBuildPhase;
			buildActionMask = 2147483647;
			files = (
				26A81D1C1F5812F600546EE1 /* PokeCell.swift in Sources */,
				26D205491F5801CD006E0E51 /* ViewController.swift in Sources */,
				26D205471F5801CD006E0E51 /* AppDelegate.swift in Sources */,
				2668D5201F5806DE00E73DD7 /* Pokemon.swift in Sources */,
			);
			runOnlyForDeploymentPostprocessing = 0;
		};
/* End PBXSourcesBuildPhase section */

/* Begin PBXVariantGroup section */
		26D2054A1F5801CE006E0E51 /* Main.storyboard */ = {
			isa = PBXVariantGroup;
			children = (
				26D2054B1F5801CE006E0E51 /* Base */,
			);
			name = Main.storyboard;
			sourceTree = "<group>";
		};
		26D2054F1F5801CE006E0E51 /* LaunchScreen.storyboard */ = {
			isa = PBXVariantGroup;
			children = (
				26D205501F5801CE006E0E51 /* Base */,
			);
			name = LaunchScreen.storyboard;
			sourceTree = "<group>";
		};
/* End PBXVariantGroup section */

/* Begin XCBuildConfiguration section */
		26D205531F5801CE006E0E51 /* Debug */ = {
			isa = XCBuildConfiguration;
			buildSettings = {
				ALWAYS_SEARCH_USER_PATHS = NO;
				CLANG_ANALYZER_NONNULL = YES;
				CLANG_ANALYZER_NUMBER_OBJECT_CONVERSION = YES_AGGRESSIVE;
				CLANG_CXX_LANGUAGE_STANDARD = "gnu++0x";
				CLANG_CXX_LIBRARY = "libc++";
				CLANG_ENABLE_MODULES = YES;
				CLANG_ENABLE_OBJC_ARC = YES;
				CLANG_WARN_BOOL_CONVERSION = YES;
				CLANG_WARN_CONSTANT_CONVERSION = YES;
				CLANG_WARN_DIRECT_OBJC_ISA_USAGE = YES_ERROR;
				CLANG_WARN_DOCUMENTATION_COMMENTS = YES;
				CLANG_WARN_EMPTY_BODY = YES;
				CLANG_WARN_ENUM_CONVERSION = YES;
				CLANG_WARN_INFINITE_RECURSION = YES;
				CLANG_WARN_INT_CONVERSION = YES;
				CLANG_WARN_OBJC_ROOT_CLASS = YES_ERROR;
				CLANG_WARN_SUSPICIOUS_MOVE = YES;
				CLANG_WARN_UNREACHABLE_CODE = YES;
				CLANG_WARN__DUPLICATE_METHOD_MATCH = YES;
				"CODE_SIGN_IDENTITY[sdk=iphoneos*]" = "iPhone Developer";
				COPY_PHASE_STRIP = NO;
				DEBUG_INFORMATION_FORMAT = dwarf;
				ENABLE_STRICT_OBJC_MSGSEND = YES;
				ENABLE_TESTABILITY = YES;
				GCC_C_LANGUAGE_STANDARD = gnu99;
				GCC_DYNAMIC_NO_PIC = NO;
				GCC_NO_COMMON_BLOCKS = YES;
				GCC_OPTIMIZATION_LEVEL = 0;
				GCC_PREPROCESSOR_DEFINITIONS = (
					"DEBUG=1",
					"$(inherited)",
				);
				GCC_WARN_64_TO_32_BIT_CONVERSION = YES;
				GCC_WARN_ABOUT_RETURN_TYPE = YES_ERROR;
				GCC_WARN_UNDECLARED_SELECTOR = YES;
				GCC_WARN_UNINITIALIZED_AUTOS = YES_AGGRESSIVE;
				GCC_WARN_UNUSED_FUNCTION = YES;
				GCC_WARN_UNUSED_VARIABLE = YES;
				IPHONEOS_DEPLOYMENT_TARGET = 10.3;
				MTL_ENABLE_DEBUG_INFO = YES;
				ONLY_ACTIVE_ARCH = YES;
				SDKROOT = iphoneos;
				SWIFT_ACTIVE_COMPILATION_CONDITIONS = DEBUG;
				SWIFT_OPTIMIZATION_LEVEL = "-Onone";
				TARGETED_DEVICE_FAMILY = "1,2";
			};
			name = Debug;
		};
		26D205541F5801CE006E0E51 /* Release */ = {
			isa = XCBuildConfiguration;
			buildSettings = {
				ALWAYS_SEARCH_USER_PATHS = NO;
				CLANG_ANALYZER_NONNULL = YES;
				CLANG_ANALYZER_NUMBER_OBJECT_CONVERSION = YES_AGGRESSIVE;
				CLANG_CXX_LANGUAGE_STANDARD = "gnu++0x";
				CLANG_CXX_LIBRARY = "libc++";
				CLANG_ENABLE_MODULES = YES;
				CLANG_ENABLE_OBJC_ARC = YES;
				CLANG_WARN_BOOL_CONVERSION = YES;
				CLANG_WARN_CONSTANT_CONVERSION = YES;
				CLANG_WARN_DIRECT_OBJC_ISA_USAGE = YES_ERROR;
				CLANG_WARN_DOCUMENTATION_COMMENTS = YES;
				CLANG_WARN_EMPTY_BODY = YES;
				CLANG_WARN_ENUM_CONVERSION = YES;
				CLANG_WARN_INFINITE_RECURSION = YES;
				CLANG_WARN_INT_CONVERSION = YES;
				CLANG_WARN_OBJC_ROOT_CLASS = YES_ERROR;
				CLANG_WARN_SUSPICIOUS_MOVE = YES;
				CLANG_WARN_UNREACHABLE_CODE = YES;
				CLANG_WARN__DUPLICATE_METHOD_MATCH = YES;
				"CODE_SIGN_IDENTITY[sdk=iphoneos*]" = "iPhone Developer";
				COPY_PHASE_STRIP = NO;
				DEBUG_INFORMATION_FORMAT = "dwarf-with-dsym";
				ENABLE_NS_ASSERTIONS = NO;
				ENABLE_STRICT_OBJC_MSGSEND = YES;
				GCC_C_LANGUAGE_STANDARD = gnu99;
				GCC_NO_COMMON_BLOCKS = YES;
				GCC_WARN_64_TO_32_BIT_CONVERSION = YES;
				GCC_WARN_ABOUT_RETURN_TYPE = YES_ERROR;
				GCC_WARN_UNDECLARED_SELECTOR = YES;
				GCC_WARN_UNINITIALIZED_AUTOS = YES_AGGRESSIVE;
				GCC_WARN_UNUSED_FUNCTION = YES;
				GCC_WARN_UNUSED_VARIABLE = YES;
				IPHONEOS_DEPLOYMENT_TARGET = 10.3;
				MTL_ENABLE_DEBUG_INFO = NO;
				SDKROOT = iphoneos;
				SWIFT_OPTIMIZATION_LEVEL = "-Owholemodule";
				TARGETED_DEVICE_FAMILY = "1,2";
				VALIDATE_PRODUCT = YES;
			};
			name = Release;
		};
		26D205561F5801CE006E0E51 /* Debug */ = {
			isa = XCBuildConfiguration;
			buildSettings = {
				ASSETCATALOG_COMPILER_APPICON_NAME = AppIcon;
				DEVELOPMENT_TEAM = RPB2AU8X3M;
				INFOPLIST_FILE = Pokedex/Info.plist;
				LD_RUNPATH_SEARCH_PATHS = "$(inherited) @executable_path/Frameworks";
				PRODUCT_BUNDLE_IDENTIFIER = com.AmrMKayid.Pokedex;
				PRODUCT_NAME = "$(TARGET_NAME)";
				SWIFT_VERSION = 3.0;
			};
			name = Debug;
		};
		26D205571F5801CE006E0E51 /* Release */ = {
			isa = XCBuildConfiguration;
			buildSettings = {
				ASSETCATALOG_COMPILER_APPICON_NAME = AppIcon;
				DEVELOPMENT_TEAM = RPB2AU8X3M;
				INFOPLIST_FILE = Pokedex/Info.plist;
				LD_RUNPATH_SEARCH_PATHS = "$(inherited) @executable_path/Frameworks";
				PRODUCT_BUNDLE_IDENTIFIER = com.AmrMKayid.Pokedex;
				PRODUCT_NAME = "$(TARGET_NAME)";
				SWIFT_VERSION = 3.0;
			};
			name = Release;
		};
/* End XCBuildConfiguration section */

/* Begin XCConfigurationList section */
		26D2053E1F5801CD006E0E51 /* Build configuration list for PBXProject "Pokedex" */ = {
			isa = XCConfigurationList;
			buildConfigurations = (
				26D205531F5801CE006E0E51 /* Debug */,
				26D205541F5801CE006E0E51 /* Release */,
			);
			defaultConfigurationIsVisible = 0;
			defaultConfigurationName = Release;
		};
		26D205551F5801CE006E0E51 /* Build configuration list for PBXNativeTarget "Pokedex" */ = {
			isa = XCConfigurationList;
			buildConfigurations = (
				26D205561F5801CE006E0E51 /* Debug */,
				26D205571F5801CE006E0E51 /* Release */,
			);
			defaultConfigurationIsVisible = 0;
			defaultConfigurationName = Release;
		};
/* End XCConfigurationList section */
	};
	rootObject = 26D2053B1F5801CD006E0E51 /* Project object */;
}
