// !$*UTF8*$!
{
	archiveVersion = 1;
	classes = {
	};
	objectVersion = 46;
	objects = {

/* Begin PBXBuildFile section */
		2668D51D1F5805A200E73DD7 /* pokemon.csv in Resources */ = {isa = PBXBuildFile; fileRef = 2668D51C1F5805A200E73DD7 /* pokemon.csv */; };
		2668D5201F5806DE00E73DD7 /* Pokemon.swift in Sources */ = {isa = PBXBuildFile; fileRef = 2668D51F1F5806DE00E73DD7 /* Pokemon.swift */; };
		26A81D1C1F5812F600546EE1 /* PokeCell.swift in Sources */ = {isa = PBXBuildFile; fileRef = 26A81D1B1F5812F600546EE1 /* PokeCell.swift */; };
		26A81D1E1F5835B500546EE1 /* csv.swift in Sources */ = {isa = PBXBuildFile; fileRef = 26A81D1D1F5835B500546EE1 /* csv.swift */; };
		26A81D201F583D6500546EE1 /* Pokemon.ttf in Resources */ = {isa = PBXBuildFile; fileRef = 26A81D1F1F583D6400546EE1 /* Pokemon.ttf */; };
		26A81D251F583EE900546EE1 /* music.png in Resources */ = {isa = PBXBuildFile; fileRef = 26A81D241F583EE900546EE1 /* music.png */; };
		26A81D271F58425E00546EE1 /* music.mp3 in Resources */ = {isa = PBXBuildFile; fileRef = 26A81D261F58425E00546EE1 /* music.mp3 */; };
		26A81D2B1F58C98200546EE1 /* PokemonDetailVC.swift in Sources */ = {isa = PBXBuildFile; fileRef = 26A81D2A1F58C98200546EE1 /* PokemonDetailVC.swift */; };
		26A81D2D1F5AE8A500546EE1 /* Constants.swift in Sources */ = {isa = PBXBuildFile; fileRef = 26A81D2C1F5AE8A500546EE1 /* Constants.swift */; };
		26D205471F5801CD006E0E51 /* AppDelegate.swift in Sources */ = {isa = PBXBuildFile; fileRef = 26D205461F5801CD006E0E51 /* AppDelegate.swift */; };
		26D205491F5801CD006E0E51 /* ViewController.swift in Sources */ = {isa = PBXBuildFile; fileRef = 26D205481F5801CD006E0E51 /* ViewController.swift */; };
		26D2054C1F5801CE006E0E51 /* Main.storyboard in Resources */ = {isa = PBXBuildFile; fileRef = 26D2054A1F5801CE006E0E51 /* Main.storyboard */; };
		26D2054E1F5801CE006E0E51 /* Assets.xcassets in Resources */ = {isa = PBXBuildFile; fileRef = 26D2054D1F5801CE006E0E51 /* Assets.xcassets */; };
		26D205511F5801CE006E0E51 /* LaunchScreen.storyboard in Resources */ = {isa = PBXBuildFile; fileRef = 26D2054F1F5801CE006E0E51 /* LaunchScreen.storyboard */; };
		E50533C4566DDF7E8A66BC64 /* Pods_Pokedex.framework in Frameworks */ = {isa = PBXBuildFile; fileRef = 3929FB43B8E50991C4D2A6DA /* Pods_Pokedex.framework */; };
/* End PBXBuildFile section */

/* Begin PBXFileReference section */
		2668D51C1F5805A200E73DD7 /* pokemon.csv */ = {isa = PBXFileReference; fileEncoding = 4; lastKnownFileType = text; path = pokemon.csv; sourceTree = "<group>"; };
		2668D51F1F5806DE00E73DD7 /* Pokemon.swift */ = {isa = PBXFileReference; fileEncoding = 4; lastKnownFileType = sourcecode.swift; path = Pokemon.swift; sourceTree = "<group>"; };
		26A81D1B1F5812F600546EE1 /* PokeCell.swift */ = {isa = PBXFileReference; fileEncoding = 4; lastKnownFileType = sourcecode.swift; path = PokeCell.swift; sourceTree = "<group>"; };
		26A81D1D1F5835B500546EE1 /* csv.swift */ = {isa = PBXFileReference; fileEncoding = 4; lastKnownFileType = sourcecode.swift; path = csv.swift; sourceTree = "<group>"; };
		26A81D1F1F583D6400546EE1 /* Pokemon.ttf */ = {isa = PBXFileReference; lastKnownFileType = file; path = Pokemon.ttf; sourceTree = "<group>"; };
		26A81D241F583EE900546EE1 /* music.png */ = {isa = PBXFileReference; lastKnownFileType = image.png; path = music.png; sourceTree = "<group>"; };
		26A81D261F58425E00546EE1 /* music.mp3 */ = {isa = PBXFileReference; lastKnownFileType = audio.mp3; path = music.mp3; sourceTree = "<group>"; };
		26A81D2A1F58C98200546EE1 /* PokemonDetailVC.swift */ = {isa = PBXFileReference; fileEncoding = 4; lastKnownFileType = sourcecode.swift; path = PokemonDetailVC.swift; sourceTree = "<group>"; };
		26A81D2C1F5AE8A500546EE1 /* Constants.swift */ = {isa = PBXFileReference; fileEncoding = 4; lastKnownFileType = sourcecode.swift; path = Constants.swift; sourceTree = "<group>"; };
		26D205431F5801CD006E0E51 /* Pokedex.app */ = {isa = PBXFileReference; explicitFileType = wrapper.application; includeInIndex = 0; path = Pokedex.app; sourceTree = BUILT_PRODUCTS_DIR; };
		26D205461F5801CD006E0E51 /* AppDelegate.swift */ = {isa = PBXFileReference; lastKnownFileType = sourcecode.swift; path = AppDelegate.swift; sourceTree = "<group>"; };
		26D205481F5801CD006E0E51 /* ViewController.swift */ = {isa = PBXFileReference; lastKnownFileType = sourcecode.swift; path = ViewController.swift; sourceTree = "<group>"; };
		26D2054B1F5801CE006E0E51 /* Base */ = {isa = PBXFileReference; lastKnownFileType = file.storyboard; name = Base; path = Base.lproj/Main.storyboard; sourceTree = "<group>"; };
		26D2054D1F5801CE006E0E51 /* Assets.xcassets */ = {isa = PBXFileReference; lastKnownFileType = folder.assetcatalog; path = Assets.xcassets; sourceTree = "<group>"; };
		26D205501F5801CE006E0E51 /* Base */ = {isa = PBXFileReference; lastKnownFileType = file.storyboard; name = Base; path = Base.lproj/LaunchScreen.storyboard; sourceTree = "<group>"; };
		26D205521F5801CE006E0E51 /* Info.plist */ = {isa = PBXFileReference; lastKnownFileType = text.plist.xml; path = Info.plist; sourceTree = "<group>"; };
		3929FB43B8E50991C4D2A6DA /* Pods_Pokedex.framework */ = {isa = PBXFileReference; explicitFileType = wrapper.framework; includeInIndex = 0; path = Pods_Pokedex.framework; sourceTree = BUILT_PRODUCTS_DIR; };
		A7930492430CA05232684B76 /* Pods-Pokedex.debug.xcconfig */ = {isa = PBXFileReference; includeInIndex = 1; lastKnownFileType = text.xcconfig; name = "Pods-Pokedex.debug.xcconfig"; path = "Pods/Target Support Files/Pods-Pokedex/Pods-Pokedex.debug.xcconfig"; sourceTree = "<group>"; };
		CCD85658067C5C1094EE0471 /* Pods-Pokedex.release.xcconfig */ = {isa = PBXFileReference; includeInIndex = 1; lastKnownFileType = text.xcconfig; name = "Pods-Pokedex.release.xcconfig"; path = "Pods/Target Support Files/Pods-Pokedex/Pods-Pokedex.release.xcconfig"; sourceTree = "<group>"; };
/* End PBXFileReference section */

/* Begin PBXFrameworksBuildPhase section */
		26D205401F5801CD006E0E51 /* Frameworks */ = {
			isa = PBXFrameworksBuildPhase;
			buildActionMask = 2147483647;
			files = (
				E50533C4566DDF7E8A66BC64 /* Pods_Pokedex.framework in Frameworks */,
			);
			runOnlyForDeploymentPostprocessing = 0;
		};
/* End PBXFrameworksBuildPhase section */

/* Begin PBXGroup section */
		2668D51E1F5806CC00E73DD7 /* Model */ = {
			isa = PBXGroup;
			children = (
				2668D51F1F5806DE00E73DD7 /* Pokemon.swift */,
			);
			name = Model;
			sourceTree = "<group>";
		};
		26A81D1A1F5812D800546EE1 /* View */ = {
			isa = PBXGroup;
			children = (
				26A81D1B1F5812F600546EE1 /* PokeCell.swift */,
			);
			name = View;
			sourceTree = "<group>";
		};
		26A81D211F583D8600546EE1 /* Controller */ = {
			isa = PBXGroup;
			children = (
				26D205481F5801CD006E0E51 /* ViewController.swift */,
				26A81D2A1F58C98200546EE1 /* PokemonDetailVC.swift */,
			);
			name = Controller;
			sourceTree = "<group>";
		};
		26A81D221F583DAD00546EE1 /* Resources */ = {
			isa = PBXGroup;
			children = (
				26A81D1F1F583D6400546EE1 /* Pokemon.ttf */,
				2668D51C1F5805A200E73DD7 /* pokemon.csv */,
				26A81D241F583EE900546EE1 /* music.png */,
				26A81D261F58425E00546EE1 /* music.mp3 */,
			);
			name = Resources;
			sourceTree = "<group>";
		};
		26A81D231F583DCA00546EE1 /* Util */ = {
			isa = PBXGroup;
			children = (
				26A81D1D1F5835B500546EE1 /* csv.swift */,
				26A81D2C1F5AE8A500546EE1 /* Constants.swift */,
			);
			name = Util;
			sourceTree = "<group>";
		};
		26D2053A1F5801CD006E0E51 = {
			isa = PBXGroup;
			children = (
				26D205451F5801CD006E0E51 /* Pokedex */,
				26D205441F5801CD006E0E51 /* Products */,
				9FB52AE1890639C4C91AF945 /* Pods */,
				CD24529839BCDB403140EC0C /* Frameworks */,
			);
			sourceTree = "<group>";
		};
		26D205441F5801CD006E0E51 /* Products */ = {
			isa = PBXGroup;
			children = (
				26D205431F5801CD006E0E51 /* Pokedex.app */,
			);
			name = Products;
			sourceTree = "<group>";
		};
		26D205451F5801CD006E0E51 /* Pokedex */ = {
			isa = PBXGroup;
			children = (
				2668D51E1F5806CC00E73DD7 /* Model */,
				26A81D1A1F5812D800546EE1 /* View */,
				26A81D211F583D8600546EE1 /* Controller */,
				26A81D221F583DAD00546EE1 /* Resources */,
				26A81D231F583DCA00546EE1 /* Util */,
				26D205461F5801CD006E0E51 /* AppDelegate.swift */,
				26D2054A1F5801CE006E0E51 /* Main.storyboard */,
				26D2054D1F5801CE006E0E51 /* Assets.xcassets */,
				26D2054F1F5801CE006E0E51 /* LaunchScreen.storyboard */,
				26D205521F5801CE006E0E51 /* Info.plist */,
			);
			path = Pokedex;
			sourceTree = "<group>";
		};
		9FB52AE1890639C4C91AF945 /* Pods */ = {
			isa = PBXGroup;
			children = (
				A7930492430CA05232684B76 /* Pods-Pokedex.debug.xcconfig */,
				CCD85658067C5C1094EE0471 /* Pods-Pokedex.release.xcconfig */,
			);
			name = Pods;
			sourceTree = "<group>";
		};
		CD24529839BCDB403140EC0C /* Frameworks */ = {
			isa = PBXGroup;
			children = (
				3929FB43B8E50991C4D2A6DA /* Pods_Pokedex.framework */,
			);
			name = Frameworks;
			sourceTree = "<group>";
		};
/* End PBXGroup section */

/* Begin PBXNativeTarget section */
		26D205421F5801CD006E0E51 /* Pokedex */ = {
			isa = PBXNativeTarget;
			buildConfigurationList = 26D205551F5801CE006E0E51 /* Build configuration list for PBXNativeTarget "Pokedex" */;
			buildPhases = (
				116EB2954385BFFC25A407DA /* [CP] Check Pods Manifest.lock */,
				26D2053F1F5801CD006E0E51 /* Sources */,
				26D205401F5801CD006E0E51 /* Frameworks */,
				26D205411F5801CD006E0E51 /* Resources */,
				A4753D8FD13F36121D308EB1 /* [CP] Embed Pods Frameworks */,
				83ED801F913EC6BEFCD02B3E /* [CP] Copy Pods Resources */,
			);
			buildRules = (
			);
			dependencies = (
			);
			name = Pokedex;
			productName = Pokedex;
			productReference = 26D205431F5801CD006E0E51 /* Pokedex.app */;
			productType = "com.apple.product-type.application";
		};
/* End PBXNativeTarget section */

/* Begin PBXProject section */
		26D2053B1F5801CD006E0E51 /* Project object */ = {
			isa = PBXProject;
			attributes = {
				LastSwiftUpdateCheck = 0830;
				LastUpgradeCheck = 0900;
				ORGANIZATIONNAME = AmrMKayid;
				TargetAttributes = {
					26D205421F5801CD006E0E51 = {
						CreatedOnToolsVersion = 8.3.3;
						DevelopmentTeam = RPB2AU8X3M;
						LastSwiftMigration = 0900;
						ProvisioningStyle = Automatic;
					};
				};
			};
			buildConfigurationList = 26D2053E1F5801CD006E0E51 /* Build configuration list for PBXProject "Pokedex" */;
			compatibilityVersion = "Xcode 3.2";
			developmentRegion = English;
			hasScannedForEncodings = 0;
			knownRegions = (
				en,
				Base,
			);
			mainGroup = 26D2053A1F5801CD006E0E51;
			productRefGroup = 26D205441F5801CD006E0E51 /* Products */;
			projectDirPath = "";
			projectRoot = "";
			targets = (
				26D205421F5801CD006E0E51 /* Pokedex */,
			);
		};
/* End PBXProject section */

/* Begin PBXResourcesBuildPhase section */
		26D205411F5801CD006E0E51 /* Resources */ = {
			isa = PBXResourcesBuildPhase;
			buildActionMask = 2147483647;
			files = (
				26A81D201F583D6500546EE1 /* Pokemon.ttf in Resources */,
				26D205511F5801CE006E0E51 /* LaunchScreen.storyboard in Resources */,
				26D2054E1F5801CE006E0E51 /* Assets.xcassets in Resources */,
				2668D51D1F5805A200E73DD7 /* pokemon.csv in Resources */,
				26D2054C1F5801CE006E0E51 /* Main.storyboard in Resources */,
				26A81D271F58425E00546EE1 /* music.mp3 in Resources */,
				26A81D251F583EE900546EE1 /* music.png in Resources */,
			);
			runOnlyForDeploymentPostprocessing = 0;
		};
/* End PBXResourcesBuildPhase section */

/* Begin PBXShellScriptBuildPhase section */
		116EB2954385BFFC25A407DA /* [CP] Check Pods Manifest.lock */ = {
			isa = PBXShellScriptBuildPhase;
			buildActionMask = 2147483647;
			files = (
			);
			inputPaths = (
				"${PODS_PODFILE_DIR_PATH}/Podfile.lock",
				"${PODS_ROOT}/Manifest.lock",
			);
			name = "[CP] Check Pods Manifest.lock";
			outputPaths = (
				"$(DERIVED_FILE_DIR)/Pods-Pokedex-checkManifestLockResult.txt",
			);
			runOnlyForDeploymentPostprocessing = 0;
			shellPath = /bin/sh;
			shellScript = "diff \"${PODS_PODFILE_DIR_PATH}/Podfile.lock\" \"${PODS_ROOT}/Manifest.lock\" > /dev/null\nif [ $? != 0 ] ; then\n    # print error to STDERR\n    echo \"error: The sandbox is not in sync with the Podfile.lock. Run 'pod install' or update your CocoaPods installation.\" >&2\n    exit 1\nfi\n# This output is used by Xcode 'outputs' to avoid re-running this script phase.\necho \"SUCCESS\" > \"${SCRIPT_OUTPUT_FILE_0}\"\n";
			showEnvVarsInLog = 0;
		};
		83ED801F913EC6BEFCD02B3E /* [CP] Copy Pods Resources */ = {
			isa = PBXShellScriptBuildPhase;
			buildActionMask = 2147483647;
			files = (
			);
			inputPaths = (
			);
			name = "[CP] Copy Pods Resources";
			outputPaths = (
			);
			runOnlyForDeploymentPostprocessing = 0;
			shellPath = /bin/sh;
			shellScript = "\"${SRCROOT}/Pods/Target Support Files/Pods-Pokedex/Pods-Pokedex-resources.sh\"\n";
			showEnvVarsInLog = 0;
		};
		A4753D8FD13F36121D308EB1 /* [CP] Embed Pods Frameworks */ = {
			isa = PBXShellScriptBuildPhase;
			buildActionMask = 2147483647;
			files = (
			);
			inputPaths = (
				"${SRCROOT}/Pods/Target Support Files/Pods-Pokedex/Pods-Pokedex-frameworks.sh",
				"${BUILT_PRODUCTS_DIR}/Alamofire/Alamofire.framework",
			);
			name = "[CP] Embed Pods Frameworks";
			outputPaths = (
				"${TARGET_BUILD_DIR}/${FRAMEWORKS_FOLDER_PATH}/Alamofire.framework",
			);
			runOnlyForDeploymentPostprocessing = 0;
			shellPath = /bin/sh;
			shellScript = "\"${SRCROOT}/Pods/Target Support Files/Pods-Pokedex/Pods-Pokedex-frameworks.sh\"\n";
			showEnvVarsInLog = 0;
		};
/* End PBXShellScriptBuildPhase section */

/* Begin PBXSourcesBuildPhase section */
		26D2053F1F5801CD006E0E51 /* Sources */ = {
			isa = PBXSourcesBuildPhase;
			buildActionMask = 2147483647;
			files = (
				26A81D1C1F5812F600546EE1 /* PokeCell.swift in Sources */,
				26D205491F5801CD006E0E51 /* ViewController.swift in Sources */,
				26D205471F5801CD006E0E51 /* AppDelegate.swift in Sources */,
				26A81D2B1F58C98200546EE1 /* PokemonDetailVC.swift in Sources */,
				26A81D2D1F5AE8A500546EE1 /* Constants.swift in Sources */,
				2668D5201F5806DE00E73DD7 /* Pokemon.swift in Sources */,
				26A81D1E1F5835B500546EE1 /* csv.swift in Sources */,
			);
			runOnlyForDeploymentPostprocessing = 0;
		};
/* End PBXSourcesBuildPhase section */

/* Begin PBXVariantGroup section */
		26D2054A1F5801CE006E0E51 /* Main.storyboard */ = {
			isa = PBXVariantGroup;
			children = (
				26D2054B1F5801CE006E0E51 /* Base */,
			);
			name = Main.storyboard;
			sourceTree = "<group>";
		};
		26D2054F1F5801CE006E0E51 /* LaunchScreen.storyboard */ = {
			isa = PBXVariantGroup;
			children = (
				26D205501F5801CE006E0E51 /* Base */,
			);
			name = LaunchScreen.storyboard;
			sourceTree = "<group>";
		};
/* End PBXVariantGroup section */

/* Begin XCBuildConfiguration section */
		26D205531F5801CE006E0E51 /* Debug */ = {
			isa = XCBuildConfiguration;
			buildSettings = {
				ALWAYS_SEARCH_USER_PATHS = NO;
				CLANG_ANALYZER_NONNULL = YES;
				CLANG_ANALYZER_NUMBER_OBJECT_CONVERSION = YES_AGGRESSIVE;
				CLANG_CXX_LANGUAGE_STANDARD = "gnu++0x";
				CLANG_CXX_LIBRARY = "libc++";
				CLANG_ENABLE_MODULES = YES;
				CLANG_ENABLE_OBJC_ARC = YES;
				CLANG_WARN_BLOCK_CAPTURE_AUTORELEASING = YES;
				CLANG_WARN_BOOL_CONVERSION = YES;
				CLANG_WARN_COMMA = YES;
				CLANG_WARN_CONSTANT_CONVERSION = YES;
				CLANG_WARN_DIRECT_OBJC_ISA_USAGE = YES_ERROR;
				CLANG_WARN_DOCUMENTATION_COMMENTS = YES;
				CLANG_WARN_EMPTY_BODY = YES;
				CLANG_WARN_ENUM_CONVERSION = YES;
				CLANG_WARN_INFINITE_RECURSION = YES;
				CLANG_WARN_INT_CONVERSION = YES;
				CLANG_WARN_NON_LITERAL_NULL_CONVERSION = YES;
				CLANG_WARN_OBJC_LITERAL_CONVERSION = YES;
				CLANG_WARN_OBJC_ROOT_CLASS = YES_ERROR;
				CLANG_WARN_RANGE_LOOP_ANALYSIS = YES;
				CLANG_WARN_STRICT_PROTOTYPES = YES;
				CLANG_WARN_SUSPICIOUS_MOVE = YES;
				CLANG_WARN_UNREACHABLE_CODE = YES;
				CLANG_WARN__DUPLICATE_METHOD_MATCH = YES;
				"CODE_SIGN_IDENTITY[sdk=iphoneos*]" = "iPhone Developer";
				COPY_PHASE_STRIP = NO;
				DEBUG_INFORMATION_FORMAT = dwarf;
				ENABLE_STRICT_OBJC_MSGSEND = YES;
				ENABLE_TESTABILITY = YES;
				GCC_C_LANGUAGE_STANDARD = gnu99;
				GCC_DYNAMIC_NO_PIC = NO;
				GCC_NO_COMMON_BLOCKS = YES;
				GCC_OPTIMIZATION_LEVEL = 0;
				GCC_PREPROCESSOR_DEFINITIONS = (
					"DEBUG=1",
					"$(inherited)",
				);
				GCC_WARN_64_TO_32_BIT_CONVERSION = YES;
				GCC_WARN_ABOUT_RETURN_TYPE = YES_ERROR;
				GCC_WARN_UNDECLARED_SELECTOR = YES;
				GCC_WARN_UNINITIALIZED_AUTOS = YES_AGGRESSIVE;
				GCC_WARN_UNUSED_FUNCTION = YES;
				GCC_WARN_UNUSED_VARIABLE = YES;
				IPHONEOS_DEPLOYMENT_TARGET = 10.3;
				MTL_ENABLE_DEBUG_INFO = YES;
				ONLY_ACTIVE_ARCH = YES;
				SDKROOT = iphoneos;
				SWIFT_ACTIVE_COMPILATION_CONDITIONS = DEBUG;
				SWIFT_OPTIMIZATION_LEVEL = "-Onone";
				TARGETED_DEVICE_FAMILY = "1,2";
			};
			name = Debug;
		};
		26D205541F5801CE006E0E51 /* Release */ = {
			isa = XCBuildConfiguration;
			buildSettings = {
				ALWAYS_SEARCH_USER_PATHS = NO;
				CLANG_ANALYZER_NONNULL = YES;
				CLANG_ANALYZER_NUMBER_OBJECT_CONVERSION = YES_AGGRESSIVE;
				CLANG_CXX_LANGUAGE_STANDARD = "gnu++0x";
				CLANG_CXX_LIBRARY = "libc++";
				CLANG_ENABLE_MODULES = YES;
				CLANG_ENABLE_OBJC_ARC = YES;
				CLANG_WARN_BLOCK_CAPTURE_AUTORELEASING = YES;
				CLANG_WARN_BOOL_CONVERSION = YES;
				CLANG_WARN_COMMA = YES;
				CLANG_WARN_CONSTANT_CONVERSION = YES;
				CLANG_WARN_DIRECT_OBJC_ISA_USAGE = YES_ERROR;
				CLANG_WARN_DOCUMENTATION_COMMENTS = YES;
				CLANG_WARN_EMPTY_BODY = YES;
				CLANG_WARN_ENUM_CONVERSION = YES;
				CLANG_WARN_INFINITE_RECURSION = YES;
				CLANG_WARN_INT_CONVERSION = YES;
				CLANG_WARN_NON_LITERAL_NULL_CONVERSION = YES;
				CLANG_WARN_OBJC_LITERAL_CONVERSION = YES;
				CLANG_WARN_OBJC_ROOT_CLASS = YES_ERROR;
				CLANG_WARN_RANGE_LOOP_ANALYSIS = YES;
				CLANG_WARN_STRICT_PROTOTYPES = YES;
				CLANG_WARN_SUSPICIOUS_MOVE = YES;
				CLANG_WARN_UNREACHABLE_CODE = YES;
				CLANG_WARN__DUPLICATE_METHOD_MATCH = YES;
				"CODE_SIGN_IDENTITY[sdk=iphoneos*]" = "iPhone Developer";
				COPY_PHASE_STRIP = NO;
				DEBUG_INFORMATION_FORMAT = "dwarf-with-dsym";
				ENABLE_NS_ASSERTIONS = NO;
				ENABLE_STRICT_OBJC_MSGSEND = YES;
				GCC_C_LANGUAGE_STANDARD = gnu99;
				GCC_NO_COMMON_BLOCKS = YES;
				GCC_WARN_64_TO_32_BIT_CONVERSION = YES;
				GCC_WARN_ABOUT_RETURN_TYPE = YES_ERROR;
				GCC_WARN_UNDECLARED_SELECTOR = YES;
				GCC_WARN_UNINITIALIZED_AUTOS = YES_AGGRESSIVE;
				GCC_WARN_UNUSED_FUNCTION = YES;
				GCC_WARN_UNUSED_VARIABLE = YES;
				IPHONEOS_DEPLOYMENT_TARGET = 10.3;
				MTL_ENABLE_DEBUG_INFO = NO;
				SDKROOT = iphoneos;
				SWIFT_OPTIMIZATION_LEVEL = "-Owholemodule";
				TARGETED_DEVICE_FAMILY = "1,2";
				VALIDATE_PRODUCT = YES;
			};
			name = Release;
		};
		26D205561F5801CE006E0E51 /* Debug */ = {
			isa = XCBuildConfiguration;
			baseConfigurationReference = A7930492430CA05232684B76 /* Pods-Pokedex.debug.xcconfig */;
			buildSettings = {
				ASSETCATALOG_COMPILER_APPICON_NAME = AppIcon;
				DEVELOPMENT_TEAM = RPB2AU8X3M;
				INFOPLIST_FILE = Pokedex/Info.plist;
				LD_RUNPATH_SEARCH_PATHS = "$(inherited) @executable_path/Frameworks";
				PRODUCT_BUNDLE_IDENTIFIER = com.AmrMKayid.Pokedex;
				PRODUCT_NAME = "$(TARGET_NAME)";
				SWIFT_SWIFT3_OBJC_INFERENCE = On;
				SWIFT_VERSION = 4.0;
			};
			name = Debug;
		};
		26D205571F5801CE006E0E51 /* Release */ = {
			isa = XCBuildConfiguration;
			baseConfigurationReference = CCD85658067C5C1094EE0471 /* Pods-Pokedex.release.xcconfig */;
			buildSettings = {
				ASSETCATALOG_COMPILER_APPICON_NAME = AppIcon;
				DEVELOPMENT_TEAM = RPB2AU8X3M;
				INFOPLIST_FILE = Pokedex/Info.plist;
				LD_RUNPATH_SEARCH_PATHS = "$(inherited) @executable_path/Frameworks";
				PRODUCT_BUNDLE_IDENTIFIER = com.AmrMKayid.Pokedex;
				PRODUCT_NAME = "$(TARGET_NAME)";
				SWIFT_SWIFT3_OBJC_INFERENCE = On;
				SWIFT_VERSION = 4.0;
			};
			name = Release;
		};
/* End XCBuildConfiguration section */

/* Begin XCConfigurationList section */
		26D2053E1F5801CD006E0E51 /* Build configuration list for PBXProject "Pokedex" */ = {
			isa = XCConfigurationList;
			buildConfigurations = (
				26D205531F5801CE006E0E51 /* Debug */,
				26D205541F5801CE006E0E51 /* Release */,
			);
			defaultConfigurationIsVisible = 0;
			defaultConfigurationName = Release;
		};
		26D205551F5801CE006E0E51 /* Build configuration list for PBXNativeTarget "Pokedex" */ = {
			isa = XCConfigurationList;
			buildConfigurations = (
				26D205561F5801CE006E0E51 /* Debug */,
				26D205571F5801CE006E0E51 /* Release */,
			);
			defaultConfigurationIsVisible = 0;
			defaultConfigurationName = Release;
		};
/* End XCConfigurationList section */
	};
	rootObject = 26D2053B1F5801CD006E0E51 /* Project object */;
}
